<Solution>
  <Folder Name="/src/">
    <Project
      Path="src/Kongroo.Catalog.Contracts/Kongroo.Catalog.Contracts.csproj"
      Id="43196047-50df-442f-b0a9-dc17ea7f1c9e"
    />
    <Project Path="src/Kongroo.Payments.Contracts/Kongroo.Payments.Contracts.csproj" />
    <Project Path="src/Kongroo.Payments/Kongroo.Payments.csproj" />
  </Folder>

  <Folder Name="/tests/">
    <Project Path="tests/Kongroo.Payments.UnitTests/Kongroo.Payments.UnitTests.csproj" />
    <Project Path="tests/Kongroo.Payments.IntegrationTests/Kongroo.Payments.IntegrationTests.csproj" />
    <Project Path="tests/Kongroo.Payments.Specs/Kongroo.Payments.Specs.csproj" />
  </Folder>
</Solution>
